// !$*UTF8*$!
{
	archiveVersion = 1;
	classes = {
	};
	objectVersion = 46;
	objects = {

/* Begin PBXBuildFile section */
		FDBD9D4618F86A5F007FBF37 /* Foundation.framework in Frameworks */ = {isa = PBXBuildFile; fileRef = FDBD9D4518F86A5F007FBF37 /* Foundation.framework */; };
		FDBD9D4818F86A5F007FBF37 /* CoreGraphics.framework in Frameworks */ = {isa = PBXBuildFile; fileRef = FDBD9D4718F86A5F007FBF37 /* CoreGraphics.framework */; };
		FDBD9D4A18F86A5F007FBF37 /* UIKit.framework in Frameworks */ = {isa = PBXBuildFile; fileRef = FDBD9D4918F86A5F007FBF37 /* UIKit.framework */; };
		FDBD9D5018F86A5F007FBF37 /* InfoPlist.strings in Resources */ = {isa = PBXBuildFile; fileRef = FDBD9D4E18F86A5F007FBF37 /* InfoPlist.strings */; };
		FDBD9D5218F86A5F007FBF37 /* main.m in Sources */ = {isa = PBXBuildFile; fileRef = FDBD9D5118F86A5F007FBF37 /* main.m */; };
		FDBD9D5618F86A5F007FBF37 /* JGAppDelegate.m in Sources */ = {isa = PBXBuildFile; fileRef = FDBD9D5518F86A5F007FBF37 /* JGAppDelegate.m */; };
		FDBD9D5918F86A5F007FBF37 /* Main.storyboard in Resources */ = {isa = PBXBuildFile; fileRef = FDBD9D5718F86A5F007FBF37 /* Main.storyboard */; };
		FDBD9D5C18F86A5F007FBF37 /* JGViewController.m in Sources */ = {isa = PBXBuildFile; fileRef = FDBD9D5B18F86A5F007FBF37 /* JGViewController.m */; };
		FDBD9D5E18F86A5F007FBF37 /* Images.xcassets in Resources */ = {isa = PBXBuildFile; fileRef = FDBD9D5D18F86A5F007FBF37 /* Images.xcassets */; };
		FDBD9D6518F86A5F007FBF37 /* XCTest.framework in Frameworks */ = {isa = PBXBuildFile; fileRef = FDBD9D6418F86A5F007FBF37 /* XCTest.framework */; };
		FDBD9D6618F86A5F007FBF37 /* Foundation.framework in Frameworks */ = {isa = PBXBuildFile; fileRef = FDBD9D4518F86A5F007FBF37 /* Foundation.framework */; };
		FDBD9D6718F86A5F007FBF37 /* UIKit.framework in Frameworks */ = {isa = PBXBuildFile; fileRef = FDBD9D4918F86A5F007FBF37 /* UIKit.framework */; };
		FDBD9D6F18F86A5F007FBF37 /* InfoPlist.strings in Resources */ = {isa = PBXBuildFile; fileRef = FDBD9D6D18F86A5F007FBF37 /* InfoPlist.strings */; };
		FDBD9D7118F86A5F007FBF37 /* AuthenticationTests.m in Sources */ = {isa = PBXBuildFile; fileRef = FDBD9D7018F86A5F007FBF37 /* AuthenticationTests.m */; };
		FDBD9D7D18F8CF08007FBF37 /* ssl.key in Resources */ = {isa = PBXBuildFile; fileRef = FDBD9D7C18F8CF08007FBF37 /* ssl.key */; };
		FDBD9D8018F8D6FE007FBF37 /* ssl.crt in Resources */ = {isa = PBXBuildFile; fileRef = FDBD9D7F18F8D6FE007FBF37 /* ssl.crt */; };
		FDBD9D8518F8D9E0007FBF37 /* ssl.der in Resources */ = {isa = PBXBuildFile; fileRef = FDBD9D8418F8D9E0007FBF37 /* ssl.der */; };
		FDBD9D8718F8DDD9007FBF37 /* ssl1.der in Resources */ = {isa = PBXBuildFile; fileRef = FDBD9D8618F8DDD9007FBF37 /* ssl1.der */; };
/* End PBXBuildFile section */

/* Begin PBXContainerItemProxy section */
		FDBD9D6818F86A5F007FBF37 /* PBXContainerItemProxy */ = {
			isa = PBXContainerItemProxy;
			containerPortal = FDBD9D3A18F86A5F007FBF37 /* Project object */;
			proxyType = 1;
			remoteGlobalIDString = FDBD9D4118F86A5F007FBF37;
			remoteInfo = Authentication;
		};
/* End PBXContainerItemProxy section */

/* Begin PBXFileReference section */
		FDBD9D4218F86A5F007FBF37 /* Authentication.app */ = {isa = PBXFileReference; explicitFileType = wrapper.application; includeInIndex = 0; path = Authentication.app; sourceTree = BUILT_PRODUCTS_DIR; };
		FDBD9D4518F86A5F007FBF37 /* Foundation.framework */ = {isa = PBXFileReference; lastKnownFileType = wrapper.framework; name = Foundation.framework; path = System/Library/Frameworks/Foundation.framework; sourceTree = SDKROOT; };
		FDBD9D4718F86A5F007FBF37 /* CoreGraphics.framework */ = {isa = PBXFileReference; lastKnownFileType = wrapper.framework; name = CoreGraphics.framework; path = System/Library/Frameworks/CoreGraphics.framework; sourceTree = SDKROOT; };
		FDBD9D4918F86A5F007FBF37 /* UIKit.framework */ = {isa = PBXFileReference; lastKnownFileType = wrapper.framework; name = UIKit.framework; path = System/Library/Frameworks/UIKit.framework; sourceTree = SDKROOT; };
		FDBD9D4D18F86A5F007FBF37 /* Authentication-Info.plist */ = {isa = PBXFileReference; lastKnownFileType = text.plist.xml; path = "Authentication-Info.plist"; sourceTree = "<group>"; };
		FDBD9D4F18F86A5F007FBF37 /* en */ = {isa = PBXFileReference; lastKnownFileType = text.plist.strings; name = en; path = en.lproj/InfoPlist.strings; sourceTree = "<group>"; };
		FDBD9D5118F86A5F007FBF37 /* main.m */ = {isa = PBXFileReference; lastKnownFileType = sourcecode.c.objc; path = main.m; sourceTree = "<group>"; };
		FDBD9D5318F86A5F007FBF37 /* Authentication-Prefix.pch */ = {isa = PBXFileReference; lastKnownFileType = sourcecode.c.h; path = "Authentication-Prefix.pch"; sourceTree = "<group>"; };
		FDBD9D5418F86A5F007FBF37 /* JGAppDelegate.h */ = {isa = PBXFileReference; lastKnownFileType = sourcecode.c.h; path = JGAppDelegate.h; sourceTree = "<group>"; };
		FDBD9D5518F86A5F007FBF37 /* JGAppDelegate.m */ = {isa = PBXFileReference; lastKnownFileType = sourcecode.c.objc; path = JGAppDelegate.m; sourceTree = "<group>"; };
		FDBD9D5818F86A5F007FBF37 /* Base */ = {isa = PBXFileReference; lastKnownFileType = file.storyboard; name = Base; path = Base.lproj/Main.storyboard; sourceTree = "<group>"; };
		FDBD9D5A18F86A5F007FBF37 /* JGViewController.h */ = {isa = PBXFileReference; lastKnownFileType = sourcecode.c.h; path = JGViewController.h; sourceTree = "<group>"; };
		FDBD9D5B18F86A5F007FBF37 /* JGViewController.m */ = {isa = PBXFileReference; lastKnownFileType = sourcecode.c.objc; path = JGViewController.m; sourceTree = "<group>"; };
		FDBD9D5D18F86A5F007FBF37 /* Images.xcassets */ = {isa = PBXFileReference; lastKnownFileType = folder.assetcatalog; path = Images.xcassets; sourceTree = "<group>"; };
		FDBD9D6318F86A5F007FBF37 /* AuthenticationTests.xctest */ = {isa = PBXFileReference; explicitFileType = wrapper.cfbundle; includeInIndex = 0; path = AuthenticationTests.xctest; sourceTree = BUILT_PRODUCTS_DIR; };
		FDBD9D6418F86A5F007FBF37 /* XCTest.framework */ = {isa = PBXFileReference; lastKnownFileType = wrapper.framework; name = XCTest.framework; path = Library/Frameworks/XCTest.framework; sourceTree = DEVELOPER_DIR; };
		FDBD9D6C18F86A5F007FBF37 /* AuthenticationTests-Info.plist */ = {isa = PBXFileReference; lastKnownFileType = text.plist.xml; path = "AuthenticationTests-Info.plist"; sourceTree = "<group>"; };
		FDBD9D6E18F86A5F007FBF37 /* en */ = {isa = PBXFileReference; lastKnownFileType = text.plist.strings; name = en; path = en.lproj/InfoPlist.strings; sourceTree = "<group>"; };
		FDBD9D7018F86A5F007FBF37 /* AuthenticationTests.m */ = {isa = PBXFileReference; lastKnownFileType = sourcecode.c.objc; path = AuthenticationTests.m; sourceTree = "<group>"; };
		FDBD9D7C18F8CF08007FBF37 /* ssl.key */ = {isa = PBXFileReference; fileEncoding = 4; lastKnownFileType = text; path = ssl.key; sourceTree = "<group>"; };
		FDBD9D7F18F8D6FE007FBF37 /* ssl.crt */ = {isa = PBXFileReference; fileEncoding = 4; lastKnownFileType = text; path = ssl.crt; sourceTree = "<group>"; };
		FDBD9D8418F8D9E0007FBF37 /* ssl.der */ = {isa = PBXFileReference; lastKnownFileType = file; path = ssl.der; sourceTree = "<group>"; };
		FDBD9D8618F8DDD9007FBF37 /* ssl1.der */ = {isa = PBXFileReference; lastKnownFileType = file; path = ssl1.der; sourceTree = "<group>"; };
/* End PBXFileReference section */

/* Begin PBXFrameworksBuildPhase section */
		FDBD9D3F18F86A5F007FBF37 /* Frameworks */ = {
			isa = PBXFrameworksBuildPhase;
			buildActionMask = 2147483647;
			files = (
				FDBD9D4818F86A5F007FBF37 /* CoreGraphics.framework in Frameworks */,
				FDBD9D4A18F86A5F007FBF37 /* UIKit.framework in Frameworks */,
				FDBD9D4618F86A5F007FBF37 /* Foundation.framework in Frameworks */,
			);
			runOnlyForDeploymentPostprocessing = 0;
		};
		FDBD9D6018F86A5F007FBF37 /* Frameworks */ = {
			isa = PBXFrameworksBuildPhase;
			buildActionMask = 2147483647;
			files = (
				FDBD9D6518F86A5F007FBF37 /* XCTest.framework in Frameworks */,
				FDBD9D6718F86A5F007FBF37 /* UIKit.framework in Frameworks */,
				FDBD9D6618F86A5F007FBF37 /* Foundation.framework in Frameworks */,
			);
			runOnlyForDeploymentPostprocessing = 0;
		};
/* End PBXFrameworksBuildPhase section */

/* Begin PBXGroup section */
		FDBD9D3918F86A5F007FBF37 = {
			isa = PBXGroup;
			children = (
				FDBD9D4B18F86A5F007FBF37 /* Authentication */,
				FDBD9D6A18F86A5F007FBF37 /* AuthenticationTests */,
				FDBD9D4418F86A5F007FBF37 /* Frameworks */,
				FDBD9D4318F86A5F007FBF37 /* Products */,
			);
			sourceTree = "<group>";
		};
		FDBD9D4318F86A5F007FBF37 /* Products */ = {
			isa = PBXGroup;
			children = (
				FDBD9D4218F86A5F007FBF37 /* Authentication.app */,
				FDBD9D6318F86A5F007FBF37 /* AuthenticationTests.xctest */,
			);
			name = Products;
			sourceTree = "<group>";
		};
		FDBD9D4418F86A5F007FBF37 /* Frameworks */ = {
			isa = PBXGroup;
			children = (
				FDBD9D4518F86A5F007FBF37 /* Foundation.framework */,
				FDBD9D4718F86A5F007FBF37 /* CoreGraphics.framework */,
				FDBD9D4918F86A5F007FBF37 /* UIKit.framework */,
				FDBD9D6418F86A5F007FBF37 /* XCTest.framework */,
			);
			name = Frameworks;
			sourceTree = "<group>";
		};
		FDBD9D4B18F86A5F007FBF37 /* Authentication */ = {
			isa = PBXGroup;
			children = (
				FDBD9D8618F8DDD9007FBF37 /* ssl1.der */,
				FDBD9D8418F8D9E0007FBF37 /* ssl.der */,
				FDBD9D7F18F8D6FE007FBF37 /* ssl.crt */,
				FDBD9D7C18F8CF08007FBF37 /* ssl.key */,
				FDBD9D5418F86A5F007FBF37 /* JGAppDelegate.h */,
				FDBD9D5518F86A5F007FBF37 /* JGAppDelegate.m */,
				FDBD9D5718F86A5F007FBF37 /* Main.storyboard */,
				FDBD9D5A18F86A5F007FBF37 /* JGViewController.h */,
				FDBD9D5B18F86A5F007FBF37 /* JGViewController.m */,
				FDBD9D5D18F86A5F007FBF37 /* Images.xcassets */,
				FDBD9D4C18F86A5F007FBF37 /* Supporting Files */,
			);
			path = Authentication;
			sourceTree = "<group>";
		};
		FDBD9D4C18F86A5F007FBF37 /* Supporting Files */ = {
			isa = PBXGroup;
			children = (
				FDBD9D4D18F86A5F007FBF37 /* Authentication-Info.plist */,
				FDBD9D4E18F86A5F007FBF37 /* InfoPlist.strings */,
				FDBD9D5118F86A5F007FBF37 /* main.m */,
				FDBD9D5318F86A5F007FBF37 /* Authentication-Prefix.pch */,
			);
			name = "Supporting Files";
			sourceTree = "<group>";
		};
		FDBD9D6A18F86A5F007FBF37 /* AuthenticationTests */ = {
			isa = PBXGroup;
			children = (
				FDBD9D7018F86A5F007FBF37 /* AuthenticationTests.m */,
				FDBD9D6B18F86A5F007FBF37 /* Supporting Files */,
			);
			path = AuthenticationTests;
			sourceTree = "<group>";
		};
		FDBD9D6B18F86A5F007FBF37 /* Supporting Files */ = {
			isa = PBXGroup;
			children = (
				FDBD9D6C18F86A5F007FBF37 /* AuthenticationTests-Info.plist */,
				FDBD9D6D18F86A5F007FBF37 /* InfoPlist.strings */,
			);
			name = "Supporting Files";
			sourceTree = "<group>";
		};
/* End PBXGroup section */

/* Begin PBXNativeTarget section */
		FDBD9D4118F86A5F007FBF37 /* Authentication */ = {
			isa = PBXNativeTarget;
			buildConfigurationList = FDBD9D7418F86A5F007FBF37 /* Build configuration list for PBXNativeTarget "Authentication" */;
			buildPhases = (
				FDBD9D3E18F86A5F007FBF37 /* Sources */,
				FDBD9D3F18F86A5F007FBF37 /* Frameworks */,
				FDBD9D4018F86A5F007FBF37 /* Resources */,
			);
			buildRules = (
			);
			dependencies = (
			);
			name = Authentication;
			productName = Authentication;
			productReference = FDBD9D4218F86A5F007FBF37 /* Authentication.app */;
			productType = "com.apple.product-type.application";
		};
		FDBD9D6218F86A5F007FBF37 /* AuthenticationTests */ = {
			isa = PBXNativeTarget;
			buildConfigurationList = FDBD9D7718F86A5F007FBF37 /* Build configuration list for PBXNativeTarget "AuthenticationTests" */;
			buildPhases = (
				FDBD9D5F18F86A5F007FBF37 /* Sources */,
				FDBD9D6018F86A5F007FBF37 /* Frameworks */,
				FDBD9D6118F86A5F007FBF37 /* Resources */,
			);
			buildRules = (
			);
			dependencies = (
				FDBD9D6918F86A5F007FBF37 /* PBXTargetDependency */,
			);
			name = AuthenticationTests;
			productName = AuthenticationTests;
			productReference = FDBD9D6318F86A5F007FBF37 /* AuthenticationTests.xctest */;
			productType = "com.apple.product-type.bundle.unit-test";
		};
/* End PBXNativeTarget section */

/* Begin PBXProject section */
		FDBD9D3A18F86A5F007FBF37 /* Project object */ = {
			isa = PBXProject;
			attributes = {
				CLASSPREFIX = JG;
				LastUpgradeCheck = 0510;
				ORGANIZATIONNAME = "Scanadu, Inc.";
				TargetAttributes = {
					FDBD9D6218F86A5F007FBF37 = {
						TestTargetID = FDBD9D4118F86A5F007FBF37;
					};
				};
			};
			buildConfigurationList = FDBD9D3D18F86A5F007FBF37 /* Build configuration list for PBXProject "Authentication" */;
			compatibilityVersion = "Xcode 3.2";
			developmentRegion = English;
			hasScannedForEncodings = 0;
			knownRegions = (
				en,
				Base,
			);
			mainGroup = FDBD9D3918F86A5F007FBF37;
			productRefGroup = FDBD9D4318F86A5F007FBF37 /* Products */;
			projectDirPath = "";
			projectRoot = "";
			targets = (
				FDBD9D4118F86A5F007FBF37 /* Authentication */,
				FDBD9D6218F86A5F007FBF37 /* AuthenticationTests */,
			);
		};
/* End PBXProject section */

/* Begin PBXResourcesBuildPhase section */
		FDBD9D4018F86A5F007FBF37 /* Resources */ = {
			isa = PBXResourcesBuildPhase;
			buildActionMask = 2147483647;
			files = (
				FDBD9D8718F8DDD9007FBF37 /* ssl1.der in Resources */,
				FDBD9D8518F8D9E0007FBF37 /* ssl.der in Resources */,
				FDBD9D5E18F86A5F007FBF37 /* Images.xcassets in Resources */,
				FDBD9D5018F86A5F007FBF37 /* InfoPlist.strings in Resources */,
				FDBD9D7D18F8CF08007FBF37 /* ssl.key in Resources */,
				FDBD9D5918F86A5F007FBF37 /* Main.storyboard in Resources */,
				FDBD9D8018F8D6FE007FBF37 /* ssl.crt in Resources */,
			);
			runOnlyForDeploymentPostprocessing = 0;
		};
		FDBD9D6118F86A5F007FBF37 /* Resources */ = {
			isa = PBXResourcesBuildPhase;
			buildActionMask = 2147483647;
			files = (
				FDBD9D6F18F86A5F007FBF37 /* InfoPlist.strings in Resources */,
			);
			runOnlyForDeploymentPostprocessing = 0;
		};
/* End PBXResourcesBuildPhase section */

/* Begin PBXSourcesBuildPhase section */
		FDBD9D3E18F86A5F007FBF37 /* Sources */ = {
			isa = PBXSourcesBuildPhase;
			buildActionMask = 2147483647;
			files = (
				FDBD9D5218F86A5F007FBF37 /* main.m in Sources */,
				FDBD9D5C18F86A5F007FBF37 /* JGViewController.m in Sources */,
				FDBD9D5618F86A5F007FBF37 /* JGAppDelegate.m in Sources */,
			);
			runOnlyForDeploymentPostprocessing = 0;
		};
		FDBD9D5F18F86A5F007FBF37 /* Sources */ = {
			isa = PBXSourcesBuildPhase;
			buildActionMask = 2147483647;
			files = (
				FDBD9D7118F86A5F007FBF37 /* AuthenticationTests.m in Sources */,
			);
			runOnlyForDeploymentPostprocessing = 0;
		};
/* End PBXSourcesBuildPhase section */

/* Begin PBXTargetDependency section */
		FDBD9D6918F86A5F007FBF37 /* PBXTargetDependency */ = {
			isa = PBXTargetDependency;
			target = FDBD9D4118F86A5F007FBF37 /* Authentication */;
			targetProxy = FDBD9D6818F86A5F007FBF37 /* PBXContainerItemProxy */;
		};
/* End PBXTargetDependency section */

/* Begin PBXVariantGroup section */
		FDBD9D4E18F86A5F007FBF37 /* InfoPlist.strings */ = {
			isa = PBXVariantGroup;
			children = (
				FDBD9D4F18F86A5F007FBF37 /* en */,
			);
			name = InfoPlist.strings;
			sourceTree = "<group>";
		};
		FDBD9D5718F86A5F007FBF37 /* Main.storyboard */ = {
			isa = PBXVariantGroup;
			children = (
				FDBD9D5818F86A5F007FBF37 /* Base */,
			);
			name = Main.storyboard;
			sourceTree = "<group>";
		};
		FDBD9D6D18F86A5F007FBF37 /* InfoPlist.strings */ = {
			isa = PBXVariantGroup;
			children = (
				FDBD9D6E18F86A5F007FBF37 /* en */,
			);
			name = InfoPlist.strings;
			sourceTree = "<group>";
		};
/* End PBXVariantGroup section */

/* Begin XCBuildConfiguration section */
		FDBD9D7218F86A5F007FBF37 /* Debug */ = {
			isa = XCBuildConfiguration;
			buildSettings = {
				ALWAYS_SEARCH_USER_PATHS = NO;
				CLANG_CXX_LANGUAGE_STANDARD = "gnu++0x";
				CLANG_CXX_LIBRARY = "libc++";
				CLANG_ENABLE_MODULES = YES;
				CLANG_ENABLE_OBJC_ARC = YES;
				CLANG_WARN_BOOL_CONVERSION = YES;
				CLANG_WARN_CONSTANT_CONVERSION = YES;
				CLANG_WARN_DIRECT_OBJC_ISA_USAGE = YES_ERROR;
				CLANG_WARN_EMPTY_BODY = YES;
				CLANG_WARN_ENUM_CONVERSION = YES;
				CLANG_WARN_INT_CONVERSION = YES;
				CLANG_WARN_OBJC_ROOT_CLASS = YES_ERROR;
				CLANG_WARN__DUPLICATE_METHOD_MATCH = YES;
				"CODE_SIGN_IDENTITY[sdk=iphoneos*]" = "iPhone Developer";
				COPY_PHASE_STRIP = NO;
				GCC_C_LANGUAGE_STANDARD = gnu99;
				GCC_DYNAMIC_NO_PIC = NO;
				GCC_OPTIMIZATION_LEVEL = 0;
				GCC_PREPROCESSOR_DEFINITIONS = (
					"DEBUG=1",
					"$(inherited)",
				);
				GCC_SYMBOLS_PRIVATE_EXTERN = NO;
				GCC_WARN_64_TO_32_BIT_CONVERSION = YES;
				GCC_WARN_ABOUT_RETURN_TYPE = YES_ERROR;
				GCC_WARN_UNDECLARED_SELECTOR = YES;
				GCC_WARN_UNINITIALIZED_AUTOS = YES_AGGRESSIVE;
				GCC_WARN_UNUSED_FUNCTION = YES;
				GCC_WARN_UNUSED_VARIABLE = YES;
				IPHONEOS_DEPLOYMENT_TARGET = 7.1;
				ONLY_ACTIVE_ARCH = YES;
				SDKROOT = iphoneos;
			};
			name = Debug;
		};
		FDBD9D7318F86A5F007FBF37 /* Release */ = {
			isa = XCBuildConfiguration;
			buildSettings = {
				ALWAYS_SEARCH_USER_PATHS = NO;
				CLANG_CXX_LANGUAGE_STANDARD = "gnu++0x";
				CLANG_CXX_LIBRARY = "libc++";
				CLANG_ENABLE_MODULES = YES;
				CLANG_ENABLE_OBJC_ARC = YES;
				CLANG_WARN_BOOL_CONVERSION = YES;
				CLANG_WARN_CONSTANT_CONVERSION = YES;
				CLANG_WARN_DIRECT_OBJC_ISA_USAGE = YES_ERROR;
				CLANG_WARN_EMPTY_BODY = YES;
				CLANG_WARN_ENUM_CONVERSION = YES;
				CLANG_WARN_INT_CONVERSION = YES;
				CLANG_WARN_OBJC_ROOT_CLASS = YES_ERROR;
				CLANG_WARN__DUPLICATE_METHOD_MATCH = YES;
				"CODE_SIGN_IDENTITY[sdk=iphoneos*]" = "iPhone Developer";
				COPY_PHASE_STRIP = YES;
				ENABLE_NS_ASSERTIONS = NO;
				GCC_C_LANGUAGE_STANDARD = gnu99;
				GCC_WARN_64_TO_32_BIT_CONVERSION = YES;
				GCC_WARN_ABOUT_RETURN_TYPE = YES_ERROR;
				GCC_WARN_UNDECLARED_SELECTOR = YES;
				GCC_WARN_UNINITIALIZED_AUTOS = YES_AGGRESSIVE;
				GCC_WARN_UNUSED_FUNCTION = YES;
				GCC_WARN_UNUSED_VARIABLE = YES;
				IPHONEOS_DEPLOYMENT_TARGET = 7.1;
				SDKROOT = iphoneos;
				VALIDATE_PRODUCT = YES;
			};
			name = Release;
		};
		FDBD9D7518F86A5F007FBF37 /* Debug */ = {
			isa = XCBuildConfiguration;
			buildSettings = {
				ASSETCATALOG_COMPILER_APPICON_NAME = AppIcon;
				ASSETCATALOG_COMPILER_LAUNCHIMAGE_NAME = LaunchImage;
				GCC_PRECOMPILE_PREFIX_HEADER = YES;
				GCC_PREFIX_HEADER = "Authentication/Authentication-Prefix.pch";
				INFOPLIST_FILE = "Authentication/Authentication-Info.plist";
				PRODUCT_NAME = "$(TARGET_NAME)";
				WRAPPER_EXTENSION = app;
			};
			name = Debug;
		};
		FDBD9D7618F86A5F007FBF37 /* Release */ = {
			isa = XCBuildConfiguration;
			buildSettings = {
				ASSETCATALOG_COMPILER_APPICON_NAME = AppIcon;
				ASSETCATALOG_COMPILER_LAUNCHIMAGE_NAME = LaunchImage;
				GCC_PRECOMPILE_PREFIX_HEADER = YES;
				GCC_PREFIX_HEADER = "Authentication/Authentication-Prefix.pch";
				INFOPLIST_FILE = "Authentication/Authentication-Info.plist";
				PRODUCT_NAME = "$(TARGET_NAME)";
				WRAPPER_EXTENSION = app;
			};
			name = Release;
		};
		FDBD9D7818F86A5F007FBF37 /* Debug */ = {
			isa = XCBuildConfiguration;
			buildSettings = {
				BUNDLE_LOADER = "$(BUILT_PRODUCTS_DIR)/Authentication.app/Authentication";
				FRAMEWORK_SEARCH_PATHS = (
					"$(SDKROOT)/Developer/Library/Frameworks",
					"$(inherited)",
					"$(DEVELOPER_FRAMEWORKS_DIR)",
				);
				GCC_PRECOMPILE_PREFIX_HEADER = YES;
				GCC_PREFIX_HEADER = "Authentication/Authentication-Prefix.pch";
				GCC_PREPROCESSOR_DEFINITIONS = (
					"DEBUG=1",
					"$(inherited)",
				);
				INFOPLIST_FILE = "AuthenticationTests/AuthenticationTests-Info.plist";
				PRODUCT_NAME = "$(TARGET_NAME)";
				TEST_HOST = "$(BUNDLE_LOADER)";
				WRAPPER_EXTENSION = xctest;
			};
			name = Debug;
		};
		FDBD9D7918F86A5F007FBF37 /* Release */ = {
			isa = XCBuildConfiguration;
			buildSettings = {
				BUNDLE_LOADER = "$(BUILT_PRODUCTS_DIR)/Authentication.app/Authentication";
				FRAMEWORK_SEARCH_PATHS = (
					"$(SDKROOT)/Developer/Library/Frameworks",
					"$(inherited)",
					"$(DEVELOPER_FRAMEWORKS_DIR)",
				);
				GCC_PRECOMPILE_PREFIX_HEADER = YES;
				GCC_PREFIX_HEADER = "Authentication/Authentication-Prefix.pch";
				INFOPLIST_FILE = "AuthenticationTests/AuthenticationTests-Info.plist";
				PRODUCT_NAME = "$(TARGET_NAME)";
				TEST_HOST = "$(BUNDLE_LOADER)";
				WRAPPER_EXTENSION = xctest;
			};
			name = Release;
		};
/* End XCBuildConfiguration section */

/* Begin XCConfigurationList section */
		FDBD9D3D18F86A5F007FBF37 /* Build configuration list for PBXProject "Authentication" */ = {
			isa = XCConfigurationList;
			buildConfigurations = (
				FDBD9D7218F86A5F007FBF37 /* Debug */,
				FDBD9D7318F86A5F007FBF37 /* Release */,
			);
			defaultConfigurationIsVisible = 0;
			defaultConfigurationName = Release;
		};
		FDBD9D7418F86A5F007FBF37 /* Build configuration list for PBXNativeTarget "Authentication" */ = {
			isa = XCConfigurationList;
			buildConfigurations = (
				FDBD9D7518F86A5F007FBF37 /* Debug */,
				FDBD9D7618F86A5F007FBF37 /* Release */,
			);
			defaultConfigurationIsVisible = 0;
		};
		FDBD9D7718F86A5F007FBF37 /* Build configuration list for PBXNativeTarget "AuthenticationTests" */ = {
			isa = XCConfigurationList;
			buildConfigurations = (
				FDBD9D7818F86A5F007FBF37 /* Debug */,
				FDBD9D7918F86A5F007FBF37 /* Release */,
			);
			defaultConfigurationIsVisible = 0;
		};
/* End XCConfigurationList section */
	};
	rootObject = FDBD9D3A18F86A5F007FBF37 /* Project object */;
}
